
Microsoft Visual Studio Solution File, Format Version 12.00
Project("{FAE04EC0-301F-11D3-BF4B-00C04F79EFBC}") = "ArtStanisProject.WebApi", "ArtStanisProject.WebApi\ArtStanisProject.WebApi.csproj", "{FAE6C1F3-F153-4A17-BDC1-E062AB60C3BD}"
EndProject
Project("{2150E333-8FDC-42A3-9474-1A3956D46DE8}") = "Core", "Core", "{F81CF1C0-1CAA-4264-917E-13B7BADB27AF}"
EndProject
Project("{2150E333-8FDC-42A3-9474-1A3956D46DE8}") = "Core-Test", "Core-Test", "{EB934B22-631D-435D-B26F-AB866A9BCC8C}"
EndProject
Project("{2150E333-8FDC-42A3-9474-1A3956D46DE8}") = "Infrastructure", "Infrastructure", "{876FD918-1949-4BEC-8D3B-7BD160CDDC9E}"
EndProject
Project("{2150E333-8FDC-42A3-9474-1A3956D46DE8}") = "Infrastructure-Test", "Infrastructure-Test", "{DB0E7E27-F3EE-461F-9393-6BBB97F4AD9C}"
EndProject
Project("{2150E333-8FDC-42A3-9474-1A3956D46DE8}") = "Presentation", "Presentation", "{B7FFDA8D-1619-452B-B11B-DF9C7C6BA1C4}"
EndProject
Project("{2150E333-8FDC-42A3-9474-1A3956D46DE8}") = "Presentation-Test", "Presentation-Test", "{4FA26F43-8DCB-4F98-BC63-CA41E1A3006A}"
EndProject
Project("{FAE04EC0-301F-11D3-BF4B-00C04F79EFBC}") = "ArtStanisProject.Domain", "ArtStanisProject.Domain\ArtStanisProject.Domain.csproj", "{FF0C71DB-E58E-4D8F-BA43-AE79F223936F}"
EndProject
Project("{FAE04EC0-301F-11D3-BF4B-00C04F79EFBC}") = "ArtStanisProject.Core.Test", "ArtStanisProject.Core.Test\ArtStanisProject.Core.Test.csproj", "{FB362BD2-6FC0-4F87-BC51-DA6E50A4EB6C}"
EndProject
Project("{FAE04EC0-301F-11D3-BF4B-00C04F79EFBC}") = "ArtStanisProject.Domain.Test", "ArtStanisProject.Domain.Test\ArtStanisProject.Domain.Test.csproj", "{287E48A9-62F6-4E9A-9250-7805DC82E98A}"
EndProject
Project("{FAE04EC0-301F-11D3-BF4B-00C04F79EFBC}") = "ArtStanisProject.DataAccess", "ArtStanisProject.DataAccess\ArtStanisProject.DataAccess.csproj", "{6E40B582-8E39-4766-8C04-8651B0DAACE5}"
EndProject
Project("{FAE04EC0-301F-11D3-BF4B-00C04F79EFBC}") = "ArtStanisProject.Security", "ArtStanisProject.Security\ArtStanisProject.Security.csproj", "{CF89B124-844E-4494-B80B-21D2C44FE188}"
EndProject
Project("{FAE04EC0-301F-11D3-BF4B-00C04F79EFBC}") = "ArtStanisProject.Core", "ArtStanisProject.Core\ArtStanisProject.Core.csproj", "{9A8FCDC8-143D-4994-A44F-C93561628265}"
EndProject
Global
	GlobalSection(SolutionConfigurationPlatforms) = preSolution
		Debug|Any CPU = Debug|Any CPU
		Release|Any CPU = Release|Any CPU
	EndGlobalSection
	GlobalSection(ProjectConfigurationPlatforms) = postSolution
		{FAE6C1F3-F153-4A17-BDC1-E062AB60C3BD}.Debug|Any CPU.ActiveCfg = Debug|Any CPU
		{FAE6C1F3-F153-4A17-BDC1-E062AB60C3BD}.Debug|Any CPU.Build.0 = Debug|Any CPU
		{FAE6C1F3-F153-4A17-BDC1-E062AB60C3BD}.Release|Any CPU.ActiveCfg = Release|Any CPU
		{FAE6C1F3-F153-4A17-BDC1-E062AB60C3BD}.Release|Any CPU.Build.0 = Release|Any CPU
		{FF0C71DB-E58E-4D8F-BA43-AE79F223936F}.Debug|Any CPU.ActiveCfg = Debug|Any CPU
		{FF0C71DB-E58E-4D8F-BA43-AE79F223936F}.Debug|Any CPU.Build.0 = Debug|Any CPU
		{FF0C71DB-E58E-4D8F-BA43-AE79F223936F}.Release|Any CPU.ActiveCfg = Release|Any CPU
		{FF0C71DB-E58E-4D8F-BA43-AE79F223936F}.Release|Any CPU.Build.0 = Release|Any CPU
		{FB362BD2-6FC0-4F87-BC51-DA6E50A4EB6C}.Debug|Any CPU.ActiveCfg = Debug|Any CPU
		{FB362BD2-6FC0-4F87-BC51-DA6E50A4EB6C}.Debug|Any CPU.Build.0 = Debug|Any CPU
		{FB362BD2-6FC0-4F87-BC51-DA6E50A4EB6C}.Release|Any CPU.ActiveCfg = Release|Any CPU
		{FB362BD2-6FC0-4F87-BC51-DA6E50A4EB6C}.Release|Any CPU.Build.0 = Release|Any CPU
		{287E48A9-62F6-4E9A-9250-7805DC82E98A}.Debug|Any CPU.ActiveCfg = Debug|Any CPU
		{287E48A9-62F6-4E9A-9250-7805DC82E98A}.Debug|Any CPU.Build.0 = Debug|Any CPU
		{287E48A9-62F6-4E9A-9250-7805DC82E98A}.Release|Any CPU.ActiveCfg = Release|Any CPU
		{287E48A9-62F6-4E9A-9250-7805DC82E98A}.Release|Any CPU.Build.0 = Release|Any CPU
		{6E40B582-8E39-4766-8C04-8651B0DAACE5}.Debug|Any CPU.ActiveCfg = Debug|Any CPU
		{6E40B582-8E39-4766-8C04-8651B0DAACE5}.Debug|Any CPU.Build.0 = Debug|Any CPU
		{6E40B582-8E39-4766-8C04-8651B0DAACE5}.Release|Any CPU.ActiveCfg = Release|Any CPU
		{6E40B582-8E39-4766-8C04-8651B0DAACE5}.Release|Any CPU.Build.0 = Release|Any CPU
		{CF89B124-844E-4494-B80B-21D2C44FE188}.Debug|Any CPU.ActiveCfg = Debug|Any CPU
		{CF89B124-844E-4494-B80B-21D2C44FE188}.Debug|Any CPU.Build.0 = Debug|Any CPU
		{CF89B124-844E-4494-B80B-21D2C44FE188}.Release|Any CPU.ActiveCfg = Release|Any CPU
		{CF89B124-844E-4494-B80B-21D2C44FE188}.Release|Any CPU.Build.0 = Release|Any CPU
		{9A8FCDC8-143D-4994-A44F-C93561628265}.Debug|Any CPU.ActiveCfg = Debug|Any CPU
		{9A8FCDC8-143D-4994-A44F-C93561628265}.Debug|Any CPU.Build.0 = Debug|Any CPU
		{9A8FCDC8-143D-4994-A44F-C93561628265}.Release|Any CPU.ActiveCfg = Release|Any CPU
		{9A8FCDC8-143D-4994-A44F-C93561628265}.Release|Any CPU.Build.0 = Release|Any CPU
	EndGlobalSection
	GlobalSection(NestedProjects) = preSolution
		{FAE6C1F3-F153-4A17-BDC1-E062AB60C3BD} = {B7FFDA8D-1619-452B-B11B-DF9C7C6BA1C4}
		{FF0C71DB-E58E-4D8F-BA43-AE79F223936F} = {F81CF1C0-1CAA-4264-917E-13B7BADB27AF}
		{FB362BD2-6FC0-4F87-BC51-DA6E50A4EB6C} = {EB934B22-631D-435D-B26F-AB866A9BCC8C}
		{287E48A9-62F6-4E9A-9250-7805DC82E98A} = {EB934B22-631D-435D-B26F-AB866A9BCC8C}
		{6E40B582-8E39-4766-8C04-8651B0DAACE5} = {876FD918-1949-4BEC-8D3B-7BD160CDDC9E}
		{CF89B124-844E-4494-B80B-21D2C44FE188} = {876FD918-1949-4BEC-8D3B-7BD160CDDC9E}
		{9A8FCDC8-143D-4994-A44F-C93561628265} = {F81CF1C0-1CAA-4264-917E-13B7BADB27AF}
	EndGlobalSection
EndGlobal
